
Microsoft Visual Studio Solution File, Format Version 12.00
# Visual Studio Version 17
VisualStudioVersion = 17.4.33110.190
MinimumVisualStudioVersion = 10.0.40219.1
Project("{9A19103F-16F7-4668-BE54-9A1E7A4F7556}") = "Quizmaster", "Quizmaster\Quizmaster.csproj", "{223B624D-CCBD-45CE-8713-233CC1FE2ADF}"
EndProject
Global
	GlobalSection(SolutionConfigurationPlatforms) = preSolution
		Debug|Any CPU = Debug|Any CPU
		Release|Any CPU = Release|Any CPU
	EndGlobalSection
	GlobalSection(ProjectConfigurationPlatforms) = postSolution
		{223B624D-CCBD-45CE-8713-233CC1FE2ADF}.Debug|Any CPU.ActiveCfg = Debug|Any CPU
		{223B624D-CCBD-45CE-8713-233CC1FE2ADF}.Debug|Any CPU.Build.0 = Debug|Any CPU
		{223B624D-CCBD-45CE-8713-233CC1FE2ADF}.Release|Any CPU.ActiveCfg = Release|Any CPU
		{223B624D-CCBD-45CE-8713-233CC1FE2ADF}.Release|Any CPU.Build.0 = Release|Any CPU
	EndGlobalSection
	GlobalSection(SolutionProperties) = preSolution
		HideSolutionNode = FALSE
	EndGlobalSection
	GlobalSection(ExtensibilityGlobals) = postSolution
		SolutionGuid = {755BCE56-082A-4D48-854F-D0FF53AD59B8}
	EndGlobalSection
EndGlobal
